
Microsoft Visual Studio Solution File, Format Version 12.00
# Visual Studio Version 16
VisualStudioVersion = 16.0.30320.27
MinimumVisualStudioVersion = 10.0.40219.1
Project("{FAE04EC0-301F-11D3-BF4B-00C04F79EFBC}") = "SharedTest", "SharedTest\SharedTest.csproj", "{8FDD5817-43E9-42D0-935B-D910329393DC}"
EndProject
Global
	GlobalSection(SolutionConfigurationPlatforms) = preSolution
		Debug|Any CPU = Debug|Any CPU
		Release|Any CPU = Release|Any CPU
	EndGlobalSection
	GlobalSection(ProjectConfigurationPlatforms) = postSolution
		{8FDD5817-43E9-42D0-935B-D910329393DC}.Debug|Any CPU.ActiveCfg = Debug|Any CPU
		{8FDD5817-43E9-42D0-935B-D910329393DC}.Debug|Any CPU.Build.0 = Debug|Any CPU
		{8FDD5817-43E9-42D0-935B-D910329393DC}.Release|Any CPU.ActiveCfg = Release|Any CPU
		{8FDD5817-43E9-42D0-935B-D910329393DC}.Release|Any CPU.Build.0 = Release|Any CPU
	EndGlobalSection
	GlobalSection(SolutionProperties) = preSolution
		HideSolutionNode = FALSE
	EndGlobalSection
	GlobalSection(ExtensibilityGlobals) = postSolution
		SolutionGuid = {B2A05E66-A57E-4E1F-AC5E-EA2AB096CAF0}
	EndGlobalSection
EndGlobal
